// !$*UTF8*$!
{
	archiveVersion = 1;
	classes = {
	};
	objectVersion = 46;
	objects = {

/* Begin PBXBuildFile section */
		48AAEB901EA761F200C9E7D9 /* main.m in Sources */ = {isa = PBXBuildFile; fileRef = 48AAEB8F1EA761F200C9E7D9 /* main.m */; };
		48AAEB931EA761F200C9E7D9 /* AppDelegate.m in Sources */ = {isa = PBXBuildFile; fileRef = 48AAEB921EA761F200C9E7D9 /* AppDelegate.m */; };
		48AAEB961EA761F200C9E7D9 /* ViewController.m in Sources */ = {isa = PBXBuildFile; fileRef = 48AAEB951EA761F200C9E7D9 /* ViewController.m */; };
		48AAEB991EA761F200C9E7D9 /* Main.storyboard in Resources */ = {isa = PBXBuildFile; fileRef = 48AAEB971EA761F200C9E7D9 /* Main.storyboard */; };
		48AAEB9B1EA761F200C9E7D9 /* Assets.xcassets in Resources */ = {isa = PBXBuildFile; fileRef = 48AAEB9A1EA761F200C9E7D9 /* Assets.xcassets */; };
		48AAEB9E1EA761F200C9E7D9 /* LaunchScreen.storyboard in Resources */ = {isa = PBXBuildFile; fileRef = 48AAEB9C1EA761F200C9E7D9 /* LaunchScreen.storyboard */; };
		48AAEBA81EA7621900C9E7D9 /* LYSLoadingButton.m in Sources */ = {isa = PBXBuildFile; fileRef = 48AAEBA71EA7621900C9E7D9 /* LYSLoadingButton.m */; };
/* End PBXBuildFile section */

/* Begin PBXFileReference section */
		48AAEB8B1EA761F200C9E7D9 /* LYSLoadingButton.app */ = {isa = PBXFileReference; explicitFileType = wrapper.application; includeInIndex = 0; path = LYSLoadingButton.app; sourceTree = BUILT_PRODUCTS_DIR; };
		48AAEB8F1EA761F200C9E7D9 /* main.m */ = {isa = PBXFileReference; lastKnownFileType = sourcecode.c.objc; path = main.m; sourceTree = "<group>"; };
		48AAEB911EA761F200C9E7D9 /* AppDelegate.h */ = {isa = PBXFileReference; lastKnownFileType = sourcecode.c.h; path = AppDelegate.h; sourceTree = "<group>"; };
		48AAEB921EA761F200C9E7D9 /* AppDelegate.m */ = {isa = PBXFileReference; lastKnownFileType = sourcecode.c.objc; path = AppDelegate.m; sourceTree = "<group>"; };
		48AAEB941EA761F200C9E7D9 /* ViewController.h */ = {isa = PBXFileReference; lastKnownFileType = sourcecode.c.h; path = ViewController.h; sourceTree = "<group>"; };
		48AAEB951EA761F200C9E7D9 /* ViewController.m */ = {isa = PBXFileReference; lastKnownFileType = sourcecode.c.objc; path = ViewController.m; sourceTree = "<group>"; };
		48AAEB981EA761F200C9E7D9 /* Base */ = {isa = PBXFileReference; lastKnownFileType = file.storyboard; name = Base; path = Base.lproj/Main.storyboard; sourceTree = "<group>"; };
		48AAEB9A1EA761F200C9E7D9 /* Assets.xcassets */ = {isa = PBXFileReference; lastKnownFileType = folder.assetcatalog; path = Assets.xcassets; sourceTree = "<group>"; };
		48AAEB9D1EA761F200C9E7D9 /* Base */ = {isa = PBXFileReference; lastKnownFileType = file.storyboard; name = Base; path = Base.lproj/LaunchScreen.storyboard; sourceTree = "<group>"; };
		48AAEB9F1EA761F200C9E7D9 /* Info.plist */ = {isa = PBXFileReference; lastKnownFileType = text.plist.xml; path = Info.plist; sourceTree = "<group>"; };
		48AAEBA61EA7621900C9E7D9 /* LYSLoadingButton.h */ = {isa = PBXFileReference; fileEncoding = 4; lastKnownFileType = sourcecode.c.h; path = LYSLoadingButton.h; sourceTree = "<group>"; };
		48AAEBA71EA7621900C9E7D9 /* LYSLoadingButton.m */ = {isa = PBXFileReference; fileEncoding = 4; lastKnownFileType = sourcecode.c.objc; path = LYSLoadingButton.m; sourceTree = "<group>"; };
/* End PBXFileReference section */

/* Begin PBXFrameworksBuildPhase section */
		48AAEB881EA761F200C9E7D9 /* Frameworks */ = {
			isa = PBXFrameworksBuildPhase;
			buildActionMask = 2147483647;
			files = (
			);
			runOnlyForDeploymentPostprocessing = 0;
		};
/* End PBXFrameworksBuildPhase section */

/* Begin PBXGroup section */
		48AAEB821EA761F200C9E7D9 = {
			isa = PBXGroup;
			children = (
				48AAEB8D1EA761F200C9E7D9 /* LYSLoadingButton */,
				48AAEB8C1EA761F200C9E7D9 /* Products */,
			);
			sourceTree = "<group>";
		};
		48AAEB8C1EA761F200C9E7D9 /* Products */ = {
			isa = PBXGroup;
			children = (
				48AAEB8B1EA761F200C9E7D9 /* LYSLoadingButton.app */,
			);
			name = Products;
			sourceTree = "<group>";
		};
		48AAEB8D1EA761F200C9E7D9 /* LYSLoadingButton */ = {
			isa = PBXGroup;
			children = (
				48AAEBA51EA7620B00C9E7D9 /* LYSLoadingButton */,
				48AAEB911EA761F200C9E7D9 /* AppDelegate.h */,
				48AAEB921EA761F200C9E7D9 /* AppDelegate.m */,
				48AAEB941EA761F200C9E7D9 /* ViewController.h */,
				48AAEB951EA761F200C9E7D9 /* ViewController.m */,
				48AAEB971EA761F200C9E7D9 /* Main.storyboard */,
				48AAEB9A1EA761F200C9E7D9 /* Assets.xcassets */,
				48AAEB9C1EA761F200C9E7D9 /* LaunchScreen.storyboard */,
				48AAEB9F1EA761F200C9E7D9 /* Info.plist */,
				48AAEB8E1EA761F200C9E7D9 /* Supporting Files */,
			);
			path = LYSLoadingButton;
			sourceTree = "<group>";
		};
		48AAEB8E1EA761F200C9E7D9 /* Supporting Files */ = {
			isa = PBXGroup;
			children = (
				48AAEB8F1EA761F200C9E7D9 /* main.m */,
			);
			name = "Supporting Files";
			sourceTree = "<group>";
		};
		48AAEBA51EA7620B00C9E7D9 /* LYSLoadingButton */ = {
			isa = PBXGroup;
			children = (
				48AAEBA61EA7621900C9E7D9 /* LYSLoadingButton.h */,
				48AAEBA71EA7621900C9E7D9 /* LYSLoadingButton.m */,
			);
			path = LYSLoadingButton;
			sourceTree = "<group>";
		};
/* End PBXGroup section */

/* Begin PBXNativeTarget section */
		48AAEB8A1EA761F200C9E7D9 /* LYSLoadingButton */ = {
			isa = PBXNativeTarget;
			buildConfigurationList = 48AAEBA21EA761F200C9E7D9 /* Build configuration list for PBXNativeTarget "LYSLoadingButton" */;
			buildPhases = (
				48AAEB871EA761F200C9E7D9 /* Sources */,
				48AAEB881EA761F200C9E7D9 /* Frameworks */,
				48AAEB891EA761F200C9E7D9 /* Resources */,
			);
			buildRules = (
			);
			dependencies = (
			);
			name = LYSLoadingButton;
			productName = LYSLoadingButton;
			productReference = 48AAEB8B1EA761F200C9E7D9 /* LYSLoadingButton.app */;
			productType = "com.apple.product-type.application";
		};
/* End PBXNativeTarget section */

/* Begin PBXProject section */
		48AAEB831EA761F200C9E7D9 /* Project object */ = {
			isa = PBXProject;
			attributes = {
				LastUpgradeCheck = 0730;
				ORGANIZATIONNAME = Goldcard;
				TargetAttributes = {
					48AAEB8A1EA761F200C9E7D9 = {
						CreatedOnToolsVersion = 7.3.1;
					};
				};
			};
			buildConfigurationList = 48AAEB861EA761F200C9E7D9 /* Build configuration list for PBXProject "LYSLoadingButton" */;
			compatibilityVersion = "Xcode 3.2";
			developmentRegion = English;
			hasScannedForEncodings = 0;
			knownRegions = (
				en,
				Base,
			);
			mainGroup = 48AAEB821EA761F200C9E7D9;
			productRefGroup = 48AAEB8C1EA761F200C9E7D9 /* Products */;
			projectDirPath = "";
			projectRoot = "";
			targets = (
				48AAEB8A1EA761F200C9E7D9 /* LYSLoadingButton */,
			);
		};
/* End PBXProject section */

/* Begin PBXResourcesBuildPhase section */
		48AAEB891EA761F200C9E7D9 /* Resources */ = {
			isa = PBXResourcesBuildPhase;
			buildActionMask = 2147483647;
			files = (
				48AAEB9E1EA761F200C9E7D9 /* LaunchScreen.storyboard in Resources */,
				48AAEB9B1EA761F200C9E7D9 /* Assets.xcassets in Resources */,
				48AAEB991EA761F200C9E7D9 /* Main.storyboard in Resources */,
			);
			runOnlyForDeploymentPostprocessing = 0;
		};
/* End PBXResourcesBuildPhase section */

/* Begin PBXSourcesBuildPhase section */
		48AAEB871EA761F200C9E7D9 /* Sources */ = {
			isa = PBXSourcesBuildPhase;
			buildActionMask = 2147483647;
			files = (
				48AAEB961EA761F200C9E7D9 /* ViewController.m in Sources */,
				48AAEB931EA761F200C9E7D9 /* AppDelegate.m in Sources */,
				48AAEB901EA761F200C9E7D9 /* main.m in Sources */,
				48AAEBA81EA7621900C9E7D9 /* LYSLoadingButton.m in Sources */,
			);
			runOnlyForDeploymentPostprocessing = 0;
		};
/* End PBXSourcesBuildPhase section */

/* Begin PBXVariantGroup section */
		48AAEB971EA761F200C9E7D9 /* Main.storyboard */ = {
			isa = PBXVariantGroup;
			children = (
				48AAEB981EA761F200C9E7D9 /* Base */,
			);
			name = Main.storyboard;
			sourceTree = "<group>";
		};
		48AAEB9C1EA761F200C9E7D9 /* LaunchScreen.storyboard */ = {
			isa = PBXVariantGroup;
			children = (
				48AAEB9D1EA761F200C9E7D9 /* Base */,
			);
			name = LaunchScreen.storyboard;
			sourceTree = "<group>";
		};
/* End PBXVariantGroup section */

/* Begin XCBuildConfiguration section */
		48AAEBA01EA761F200C9E7D9 /* Debug */ = {
			isa = XCBuildConfiguration;
			buildSettings = {
				ALWAYS_SEARCH_USER_PATHS = NO;
				CLANG_ANALYZER_NONNULL = YES;
				CLANG_CXX_LANGUAGE_STANDARD = "gnu++0x";
				CLANG_CXX_LIBRARY = "libc++";
				CLANG_ENABLE_MODULES = YES;
				CLANG_ENABLE_OBJC_ARC = YES;
				CLANG_WARN_BOOL_CONVERSION = YES;
				CLANG_WARN_CONSTANT_CONVERSION = YES;
				CLANG_WARN_DIRECT_OBJC_ISA_USAGE = YES_ERROR;
				CLANG_WARN_EMPTY_BODY = YES;
				CLANG_WARN_ENUM_CONVERSION = YES;
				CLANG_WARN_INT_CONVERSION = YES;
				CLANG_WARN_OBJC_ROOT_CLASS = YES_ERROR;
				CLANG_WARN_UNREACHABLE_CODE = YES;
				CLANG_WARN__DUPLICATE_METHOD_MATCH = YES;
				"CODE_SIGN_IDENTITY[sdk=iphoneos*]" = "iPhone Developer";
				COPY_PHASE_STRIP = NO;
				DEBUG_INFORMATION_FORMAT = dwarf;
				ENABLE_STRICT_OBJC_MSGSEND = YES;
				ENABLE_TESTABILITY = YES;
				GCC_C_LANGUAGE_STANDARD = gnu99;
				GCC_DYNAMIC_NO_PIC = NO;
				GCC_NO_COMMON_BLOCKS = YES;
				GCC_OPTIMIZATION_LEVEL = 0;
				GCC_PREPROCESSOR_DEFINITIONS = (
					"DEBUG=1",
					"$(inherited)",
				);
				GCC_WARN_64_TO_32_BIT_CONVERSION = YES;
				GCC_WARN_ABOUT_RETURN_TYPE = YES_ERROR;
				GCC_WARN_UNDECLARED_SELECTOR = YES;
				GCC_WARN_UNINITIALIZED_AUTOS = YES_AGGRESSIVE;
				GCC_WARN_UNUSED_FUNCTION = YES;
				GCC_WARN_UNUSED_VARIABLE = YES;
				IPHONEOS_DEPLOYMENT_TARGET = 9.3;
				MTL_ENABLE_DEBUG_INFO = YES;
				ONLY_ACTIVE_ARCH = YES;
				SDKROOT = iphoneos;
				TARGETED_DEVICE_FAMILY = "1,2";
			};
			name = Debug;
		};
		48AAEBA11EA761F200C9E7D9 /* Release */ = {
			isa = XCBuildConfiguration;
			buildSettings = {
				ALWAYS_SEARCH_USER_PATHS = NO;
				CLANG_ANALYZER_NONNULL = YES;
				CLANG_CXX_LANGUAGE_STANDARD = "gnu++0x";
				CLANG_CXX_LIBRARY = "libc++";
				CLANG_ENABLE_MODULES = YES;
				CLANG_ENABLE_OBJC_ARC = YES;
				CLANG_WARN_BOOL_CONVERSION = YES;
				CLANG_WARN_CONSTANT_CONVERSION = YES;
				CLANG_WARN_DIRECT_OBJC_ISA_USAGE = YES_ERROR;
				CLANG_WARN_EMPTY_BODY = YES;
				CLANG_WARN_ENUM_CONVERSION = YES;
				CLANG_WARN_INT_CONVERSION = YES;
				CLANG_WARN_OBJC_ROOT_CLASS = YES_ERROR;
				CLANG_WARN_UNREACHABLE_CODE = YES;
				CLANG_WARN__DUPLICATE_METHOD_MATCH = YES;
				"CODE_SIGN_IDENTITY[sdk=iphoneos*]" = "iPhone Developer";
				COPY_PHASE_STRIP = NO;
				DEBUG_INFORMATION_FORMAT = "dwarf-with-dsym";
				ENABLE_NS_ASSERTIONS = NO;
				ENABLE_STRICT_OBJC_MSGSEND = YES;
				GCC_C_LANGUAGE_STANDARD = gnu99;
				GCC_NO_COMMON_BLOCKS = YES;
				GCC_WARN_64_TO_32_BIT_CONVERSION = YES;
				GCC_WARN_ABOUT_RETURN_TYPE = YES_ERROR;
				GCC_WARN_UNDECLARED_SELECTOR = YES;
				GCC_WARN_UNINITIALIZED_AUTOS = YES_AGGRESSIVE;
				GCC_WARN_UNUSED_FUNCTION = YES;
				GCC_WARN_UNUSED_VARIABLE = YES;
				IPHONEOS_DEPLOYMENT_TARGET = 9.3;
				MTL_ENABLE_DEBUG_INFO = NO;
				SDKROOT = iphoneos;
				TARGETED_DEVICE_FAMILY = "1,2";
				VALIDATE_PRODUCT = YES;
			};
			name = Release;
		};
		48AAEBA31EA761F200C9E7D9 /* Debug */ = {
			isa = XCBuildConfiguration;
			buildSettings = {
				ASSETCATALOG_COMPILER_APPICON_NAME = AppIcon;
				INFOPLIST_FILE = LYSLoadingButton/Info.plist;
				LD_RUNPATH_SEARCH_PATHS = "$(inherited) @executable_path/Frameworks";
				PRODUCT_BUNDLE_IDENTIFIER = com.lys.test.LYSLoadingButton;
				PRODUCT_NAME = "$(TARGET_NAME)";
			};
			name = Debug;
		};
		48AAEBA41EA761F200C9E7D9 /* Release */ = {
			isa = XCBuildConfiguration;
			buildSettings = {
				ASSETCATALOG_COMPILER_APPICON_NAME = AppIcon;
				INFOPLIST_FILE = LYSLoadingButton/Info.plist;
				LD_RUNPATH_SEARCH_PATHS = "$(inherited) @executable_path/Frameworks";
				PRODUCT_BUNDLE_IDENTIFIER = com.lys.test.LYSLoadingButton;
				PRODUCT_NAME = "$(TARGET_NAME)";
			};
			name = Release;
		};
/* End XCBuildConfiguration section */

/* Begin XCConfigurationList section */
		48AAEB861EA761F200C9E7D9 /* Build configuration list for PBXProject "LYSLoadingButton" */ = {
			isa = XCConfigurationList;
			buildConfigurations = (
				48AAEBA01EA761F200C9E7D9 /* Debug */,
				48AAEBA11EA761F200C9E7D9 /* Release */,
			);
			defaultConfigurationIsVisible = 0;
			defaultConfigurationName = Release;
		};
		48AAEBA21EA761F200C9E7D9 /* Build configuration list for PBXNativeTarget "LYSLoadingButton" */ = {
			isa = XCConfigurationList;
			buildConfigurations = (
				48AAEBA31EA761F200C9E7D9 /* Debug */,
				48AAEBA41EA761F200C9E7D9 /* Release */,
			);
			defaultConfigurationIsVisible = 0;
		};
/* End XCConfigurationList section */
	};
	rootObject = 48AAEB831EA761F200C9E7D9 /* Project object */;
}
